
Microsoft Visual Studio Solution File, Format Version 12.00
# Visual Studio Version 17
VisualStudioVersion = 17.5.002.0
MinimumVisualStudioVersion = 10.0.40219.1
Project("{9A19103F-16F7-4668-BE54-9A1E7A4F7556}") = "MyBGList", "MyBGList.csproj", "{44D019AB-2AA8-45A0-A684-A5ECA70874F1}"
EndProject
Global
	GlobalSection(SolutionConfigurationPlatforms) = preSolution
		Debug|Any CPU = Debug|Any CPU
		Release|Any CPU = Release|Any CPU
	EndGlobalSection
	GlobalSection(ProjectConfigurationPlatforms) = postSolution
		{44D019AB-2AA8-45A0-A684-A5ECA70874F1}.Debug|Any CPU.ActiveCfg = Debug|Any CPU
		{44D019AB-2AA8-45A0-A684-A5ECA70874F1}.Debug|Any CPU.Build.0 = Debug|Any CPU
		{44D019AB-2AA8-45A0-A684-A5ECA70874F1}.Release|Any CPU.ActiveCfg = Release|Any CPU
		{44D019AB-2AA8-45A0-A684-A5ECA70874F1}.Release|Any CPU.Build.0 = Release|Any CPU
	EndGlobalSection
	GlobalSection(SolutionProperties) = preSolution
		HideSolutionNode = FALSE
	EndGlobalSection
	GlobalSection(ExtensibilityGlobals) = postSolution
		SolutionGuid = {2B4A5871-6871-4419-9C81-C218D953CD6E}
	EndGlobalSection
EndGlobal
